
Microsoft Visual Studio Solution File, Format Version 12.00
# Visual Studio Version 16
VisualStudioVersion = 16.0.29403.142
MinimumVisualStudioVersion = 10.0.40219.1
Project("{FAE04EC0-301F-11D3-BF4B-00C04F79EFBC}") = "ExampleApi", "ExampleApi\ExampleApi.csproj", "{7F65FB7D-3210-4CB0-8AFC-1F0A800F5A49}"
EndProject
Project("{FAE04EC0-301F-11D3-BF4B-00C04F79EFBC}") = "Core", "Core\Core.csproj", "{7EC7AB49-512C-4033-87AB-CB82DE74CB84}"
EndProject
Global
	GlobalSection(SolutionConfigurationPlatforms) = preSolution
		Debug|Any CPU = Debug|Any CPU
		Release|Any CPU = Release|Any CPU
	EndGlobalSection
	GlobalSection(ProjectConfigurationPlatforms) = postSolution
		{7F65FB7D-3210-4CB0-8AFC-1F0A800F5A49}.Debug|Any CPU.ActiveCfg = Debug|Any CPU
		{7F65FB7D-3210-4CB0-8AFC-1F0A800F5A49}.Debug|Any CPU.Build.0 = Debug|Any CPU
		{7F65FB7D-3210-4CB0-8AFC-1F0A800F5A49}.Release|Any CPU.ActiveCfg = Release|Any CPU
		{7F65FB7D-3210-4CB0-8AFC-1F0A800F5A49}.Release|Any CPU.Build.0 = Release|Any CPU
		{7EC7AB49-512C-4033-87AB-CB82DE74CB84}.Debug|Any CPU.ActiveCfg = Debug|Any CPU
		{7EC7AB49-512C-4033-87AB-CB82DE74CB84}.Debug|Any CPU.Build.0 = Debug|Any CPU
		{7EC7AB49-512C-4033-87AB-CB82DE74CB84}.Release|Any CPU.ActiveCfg = Release|Any CPU
		{7EC7AB49-512C-4033-87AB-CB82DE74CB84}.Release|Any CPU.Build.0 = Release|Any CPU
	EndGlobalSection
	GlobalSection(SolutionProperties) = preSolution
		HideSolutionNode = FALSE
	EndGlobalSection
	GlobalSection(ExtensibilityGlobals) = postSolution
		SolutionGuid = {27CBF33D-89F8-4FD7-B555-422513DB856E}
	EndGlobalSection
EndGlobal
